# This file is automatically @generated by Cargo.
# It is not intended for manual editing.
version = 3

[[package]]
name = "arrayvec"
version = "0.7.6"
source = "registry+https://github.com/rust-lang/crates.io-index"
checksum = "7c02d123df017efcdfbd739ef81735b36c5ba83ec3c59c80a9d7ecc718f92e50"

[[package]]
name = "etherparse"
version = "0.16.0"
source = "registry+https://github.com/rust-lang/crates.io-index"
checksum = "b8d8a704b617484e9d867a0423cd45f7577f008c4068e2e33378f8d3860a6d73"
dependencies = [
 "arrayvec",
]

[[package]]
name = "ip-epa127"
version = "0.1.0"
dependencies = [
 "etherparse",
]
